// !$*UTF8*$!
{
	archiveVersion = 1;
	classes = {
	};
	objectVersion = 50;
	objects = {

/* Begin PBXBuildFile section */
		48341CF62634EA8200D39CE8 /* Models.swift in Sources */ = {isa = PBXBuildFile; fileRef = 48341CF52634EA8200D39CE8 /* Models.swift */; };
		48341D24264771FB00D39CE8 /* QrScanner.swift in Sources */ = {isa = PBXBuildFile; fileRef = 48341D23264771FB00D39CE8 /* QrScanner.swift */; };
		48C656CF261EEC6B00C9B0DF /* FavoriteButton.swift in Sources */ = {isa = PBXBuildFile; fileRef = 48C656CE261EEC6B00C9B0DF /* FavoriteButton.swift */; };
		48C656E1262019B000C9B0DF /* FormPage.swift in Sources */ = {isa = PBXBuildFile; fileRef = 48C656E0262019B000C9B0DF /* FormPage.swift */; };
		48C656E62620258000C9B0DF /* ReportForm.swift in Sources */ = {isa = PBXBuildFile; fileRef = 48C656E52620258000C9B0DF /* ReportForm.swift */; };
		48C656EB2629A86F00C9B0DF /* StationForm.swift in Sources */ = {isa = PBXBuildFile; fileRef = 48C656EA2629A86E00C9B0DF /* StationForm.swift */; };
		48C656F0262A1B0C00C9B0DF /* MapView.swift in Sources */ = {isa = PBXBuildFile; fileRef = 48C656EF262A1B0C00C9B0DF /* MapView.swift */; };
		48C656F526339D1100C9B0DF /* Station.swift in Sources */ = {isa = PBXBuildFile; fileRef = 48C656F426339D1000C9B0DF /* Station.swift */; };
		48C657012633C22200C9B0DF /* MultiRowSelect.swift in Sources */ = {isa = PBXBuildFile; fileRef = 48C657002633C22200C9B0DF /* MultiRowSelect.swift */; };
		48C657072633E2A000C9B0DF /* SubmitView.swift in Sources */ = {isa = PBXBuildFile; fileRef = 48C657062633E2A000C9B0DF /* SubmitView.swift */; };
		48FAC73D25DBB0AE001072E8 /* AgrecomAppApp.swift in Sources */ = {isa = PBXBuildFile; fileRef = 48FAC73C25DBB0AE001072E8 /* AgrecomAppApp.swift */; };
		48FAC73F25DBB0AE001072E8 /* ContentView.swift in Sources */ = {isa = PBXBuildFile; fileRef = 48FAC73E25DBB0AE001072E8 /* ContentView.swift */; };
		48FAC74125DBB0AF001072E8 /* Assets.xcassets in Resources */ = {isa = PBXBuildFile; fileRef = 48FAC74025DBB0AF001072E8 /* Assets.xcassets */; };
		48FAC74425DBB0AF001072E8 /* Preview Assets.xcassets in Resources */ = {isa = PBXBuildFile; fileRef = 48FAC74325DBB0AF001072E8 /* Preview Assets.xcassets */; };
		48FAC74F25DBB0AF001072E8 /* AgrecomAppTests.swift in Sources */ = {isa = PBXBuildFile; fileRef = 48FAC74E25DBB0AF001072E8 /* AgrecomAppTests.swift */; };
		48FAC75A25DBB0AF001072E8 /* AgrecomAppUITests.swift in Sources */ = {isa = PBXBuildFile; fileRef = 48FAC75925DBB0AF001072E8 /* AgrecomAppUITests.swift */; };
		48FAC76D25DBB184001072E8 /* Site.swift in Sources */ = {isa = PBXBuildFile; fileRef = 48FAC76C25DBB184001072E8 /* Site.swift */; };
		48FAC77B25DBB1C2001072E8 /* ModelData.swift in Sources */ = {isa = PBXBuildFile; fileRef = 48FAC77A25DBB1C2001072E8 /* ModelData.swift */; };
		48FAC78125DBB20C001072E8 /* SiteList.json in Resources */ = {isa = PBXBuildFile; fileRef = 48FAC78025DBB20C001072E8 /* SiteList.json */; };
		48FAC78F25DBB2A1001072E8 /* SiteList.swift in Sources */ = {isa = PBXBuildFile; fileRef = 48FAC78E25DBB2A1001072E8 /* SiteList.swift */; };
		48FAC79425DBB91A001072E8 /* SiteListPage.swift in Sources */ = {isa = PBXBuildFile; fileRef = 48FAC79325DBB91A001072E8 /* SiteListPage.swift */; };
		48FAC79925DBC615001072E8 /* SiteDetails.swift in Sources */ = {isa = PBXBuildFile; fileRef = 48FAC79825DBC615001072E8 /* SiteDetails.swift */; };
/* End PBXBuildFile section */

/* Begin PBXContainerItemProxy section */
		48FAC74B25DBB0AF001072E8 /* PBXContainerItemProxy */ = {
			isa = PBXContainerItemProxy;
			containerPortal = 48FAC73125DBB0AE001072E8 /* Project object */;
			proxyType = 1;
			remoteGlobalIDString = 48FAC73825DBB0AE001072E8;
			remoteInfo = AgrecomApp;
		};
		48FAC75625DBB0AF001072E8 /* PBXContainerItemProxy */ = {
			isa = PBXContainerItemProxy;
			containerPortal = 48FAC73125DBB0AE001072E8 /* Project object */;
			proxyType = 1;
			remoteGlobalIDString = 48FAC73825DBB0AE001072E8;
			remoteInfo = AgrecomApp;
		};
/* End PBXContainerItemProxy section */

/* Begin PBXFileReference section */
		48341CF52634EA8200D39CE8 /* Models.swift */ = {isa = PBXFileReference; lastKnownFileType = sourcecode.swift; path = Models.swift; sourceTree = "<group>"; };
		48341D23264771FB00D39CE8 /* QrScanner.swift */ = {isa = PBXFileReference; lastKnownFileType = sourcecode.swift; path = QrScanner.swift; sourceTree = "<group>"; };
		48C656CE261EEC6B00C9B0DF /* FavoriteButton.swift */ = {isa = PBXFileReference; lastKnownFileType = sourcecode.swift; path = FavoriteButton.swift; sourceTree = "<group>"; };
		48C656E0262019B000C9B0DF /* FormPage.swift */ = {isa = PBXFileReference; lastKnownFileType = sourcecode.swift; path = FormPage.swift; sourceTree = "<group>"; };
		48C656E52620258000C9B0DF /* ReportForm.swift */ = {isa = PBXFileReference; lastKnownFileType = sourcecode.swift; path = ReportForm.swift; sourceTree = "<group>"; };
		48C656EA2629A86E00C9B0DF /* StationForm.swift */ = {isa = PBXFileReference; lastKnownFileType = sourcecode.swift; path = StationForm.swift; sourceTree = "<group>"; };
		48C656EF262A1B0C00C9B0DF /* MapView.swift */ = {isa = PBXFileReference; lastKnownFileType = sourcecode.swift; path = MapView.swift; sourceTree = "<group>"; };
		48C656F426339D1000C9B0DF /* Station.swift */ = {isa = PBXFileReference; lastKnownFileType = sourcecode.swift; path = Station.swift; sourceTree = "<group>"; };
		48C656FC2633AAFA00C9B0DF /* Stations.json */ = {isa = PBXFileReference; lastKnownFileType = text.json; path = Stations.json; sourceTree = "<group>"; };
		48C657002633C22200C9B0DF /* MultiRowSelect.swift */ = {isa = PBXFileReference; lastKnownFileType = sourcecode.swift; path = MultiRowSelect.swift; sourceTree = "<group>"; };
		48C657062633E2A000C9B0DF /* SubmitView.swift */ = {isa = PBXFileReference; lastKnownFileType = sourcecode.swift; path = SubmitView.swift; sourceTree = "<group>"; };
		48FAC73925DBB0AE001072E8 /* AgrecomApp.app */ = {isa = PBXFileReference; explicitFileType = wrapper.application; includeInIndex = 0; path = AgrecomApp.app; sourceTree = BUILT_PRODUCTS_DIR; };
		48FAC73C25DBB0AE001072E8 /* AgrecomAppApp.swift */ = {isa = PBXFileReference; lastKnownFileType = sourcecode.swift; path = AgrecomAppApp.swift; sourceTree = "<group>"; };
		48FAC73E25DBB0AE001072E8 /* ContentView.swift */ = {isa = PBXFileReference; lastKnownFileType = sourcecode.swift; path = ContentView.swift; sourceTree = "<group>"; };
		48FAC74025DBB0AF001072E8 /* Assets.xcassets */ = {isa = PBXFileReference; lastKnownFileType = folder.assetcatalog; path = Assets.xcassets; sourceTree = "<group>"; };
		48FAC74325DBB0AF001072E8 /* Preview Assets.xcassets */ = {isa = PBXFileReference; lastKnownFileType = folder.assetcatalog; path = "Preview Assets.xcassets"; sourceTree = "<group>"; };
		48FAC74525DBB0AF001072E8 /* Info.plist */ = {isa = PBXFileReference; lastKnownFileType = text.plist.xml; path = Info.plist; sourceTree = "<group>"; };
		48FAC74A25DBB0AF001072E8 /* AgrecomAppTests.xctest */ = {isa = PBXFileReference; explicitFileType = wrapper.cfbundle; includeInIndex = 0; path = AgrecomAppTests.xctest; sourceTree = BUILT_PRODUCTS_DIR; };
		48FAC74E25DBB0AF001072E8 /* AgrecomAppTests.swift */ = {isa = PBXFileReference; lastKnownFileType = sourcecode.swift; path = AgrecomAppTests.swift; sourceTree = "<group>"; };
		48FAC75025DBB0AF001072E8 /* Info.plist */ = {isa = PBXFileReference; lastKnownFileType = text.plist.xml; path = Info.plist; sourceTree = "<group>"; };
		48FAC75525DBB0AF001072E8 /* AgrecomAppUITests.xctest */ = {isa = PBXFileReference; explicitFileType = wrapper.cfbundle; includeInIndex = 0; path = AgrecomAppUITests.xctest; sourceTree = BUILT_PRODUCTS_DIR; };
		48FAC75925DBB0AF001072E8 /* AgrecomAppUITests.swift */ = {isa = PBXFileReference; lastKnownFileType = sourcecode.swift; path = AgrecomAppUITests.swift; sourceTree = "<group>"; };
		48FAC75B25DBB0AF001072E8 /* Info.plist */ = {isa = PBXFileReference; lastKnownFileType = text.plist.xml; path = Info.plist; sourceTree = "<group>"; };
		48FAC76C25DBB184001072E8 /* Site.swift */ = {isa = PBXFileReference; lastKnownFileType = sourcecode.swift; path = Site.swift; sourceTree = "<group>"; };
		48FAC77A25DBB1C2001072E8 /* ModelData.swift */ = {isa = PBXFileReference; lastKnownFileType = sourcecode.swift; path = ModelData.swift; sourceTree = "<group>"; };
		48FAC78025DBB20C001072E8 /* SiteList.json */ = {isa = PBXFileReference; lastKnownFileType = text.json; path = SiteList.json; sourceTree = "<group>"; };
		48FAC78E25DBB2A1001072E8 /* SiteList.swift */ = {isa = PBXFileReference; lastKnownFileType = sourcecode.swift; path = SiteList.swift; sourceTree = "<group>"; };
		48FAC79325DBB91A001072E8 /* SiteListPage.swift */ = {isa = PBXFileReference; lastKnownFileType = sourcecode.swift; path = SiteListPage.swift; sourceTree = "<group>"; };
		48FAC79825DBC615001072E8 /* SiteDetails.swift */ = {isa = PBXFileReference; lastKnownFileType = sourcecode.swift; path = SiteDetails.swift; sourceTree = "<group>"; };
/* End PBXFileReference section */

/* Begin PBXFrameworksBuildPhase section */
		48FAC73625DBB0AE001072E8 /* Frameworks */ = {
			isa = PBXFrameworksBuildPhase;
			buildActionMask = 2147483647;
			files = (
			);
			runOnlyForDeploymentPostprocessing = 0;
		};
		48FAC74725DBB0AF001072E8 /* Frameworks */ = {
			isa = PBXFrameworksBuildPhase;
			buildActionMask = 2147483647;
			files = (
			);
			runOnlyForDeploymentPostprocessing = 0;
		};
		48FAC75225DBB0AF001072E8 /* Frameworks */ = {
			isa = PBXFrameworksBuildPhase;
			buildActionMask = 2147483647;
			files = (
			);
			runOnlyForDeploymentPostprocessing = 0;
		};
/* End PBXFrameworksBuildPhase section */

/* Begin PBXGroup section */
		48C656D4261EED1300C9B0DF /* Sites */ = {
			isa = PBXGroup;
			children = (
				48FAC79825DBC615001072E8 /* SiteDetails.swift */,
				48FAC79325DBB91A001072E8 /* SiteListPage.swift */,
				48FAC78E25DBB2A1001072E8 /* SiteList.swift */,
			);
			path = Sites;
			sourceTree = "<group>";
		};
		48C656D5261EED4100C9B0DF /* Helpers */ = {
			isa = PBXGroup;
			children = (
				48C656CE261EEC6B00C9B0DF /* FavoriteButton.swift */,
				48C656EF262A1B0C00C9B0DF /* MapView.swift */,
				48C657002633C22200C9B0DF /* MultiRowSelect.swift */,
				48341D23264771FB00D39CE8 /* QrScanner.swift */,
			);
			path = Helpers;
			sourceTree = "<group>";
		};
		48C656DF2620199200C9B0DF /* Forms */ = {
			isa = PBXGroup;
			children = (
				48C656E0262019B000C9B0DF /* FormPage.swift */,
				48C656E52620258000C9B0DF /* ReportForm.swift */,
				48C656EA2629A86E00C9B0DF /* StationForm.swift */,
			);
			path = Forms;
			sourceTree = "<group>";
		};
		48C657052633E28C00C9B0DF /* Submission */ = {
			isa = PBXGroup;
			children = (
				48C657062633E2A000C9B0DF /* SubmitView.swift */,
			);
			path = Submission;
			sourceTree = "<group>";
		};
		48FAC73025DBB0AE001072E8 = {
			isa = PBXGroup;
			children = (
				48FAC73B25DBB0AE001072E8 /* AgrecomApp */,
				48FAC74D25DBB0AF001072E8 /* AgrecomAppTests */,
				48FAC75825DBB0AF001072E8 /* AgrecomAppUITests */,
				48FAC73A25DBB0AE001072E8 /* Products */,
			);
			sourceTree = "<group>";
		};
		48FAC73A25DBB0AE001072E8 /* Products */ = {
			isa = PBXGroup;
			children = (
				48FAC73925DBB0AE001072E8 /* AgrecomApp.app */,
				48FAC74A25DBB0AF001072E8 /* AgrecomAppTests.xctest */,
				48FAC75525DBB0AF001072E8 /* AgrecomAppUITests.xctest */,
			);
			name = Products;
			sourceTree = "<group>";
		};
		48FAC73B25DBB0AE001072E8 /* AgrecomApp */ = {
			isa = PBXGroup;
			children = (
				48C657052633E28C00C9B0DF /* Submission */,
				48C656DF2620199200C9B0DF /* Forms */,
				48C656D5261EED4100C9B0DF /* Helpers */,
				48C656D4261EED1300C9B0DF /* Sites */,
				48FAC76A25DBB13A001072E8 /* Views */,
				48FAC76B25DBB177001072E8 /* Model */,
				48FAC77F25DBB1E4001072E8 /* Resources */,
				48FAC74025DBB0AF001072E8 /* Assets.xcassets */,
				48FAC74525DBB0AF001072E8 /* Info.plist */,
				48FAC74225DBB0AF001072E8 /* Preview Content */,
			);
			path = AgrecomApp;
			sourceTree = "<group>";
		};
		48FAC74225DBB0AF001072E8 /* Preview Content */ = {
			isa = PBXGroup;
			children = (
				48FAC74325DBB0AF001072E8 /* Preview Assets.xcassets */,
			);
			path = "Preview Content";
			sourceTree = "<group>";
		};
		48FAC74D25DBB0AF001072E8 /* AgrecomAppTests */ = {
			isa = PBXGroup;
			children = (
				48FAC74E25DBB0AF001072E8 /* AgrecomAppTests.swift */,
				48FAC75025DBB0AF001072E8 /* Info.plist */,
			);
			path = AgrecomAppTests;
			sourceTree = "<group>";
		};
		48FAC75825DBB0AF001072E8 /* AgrecomAppUITests */ = {
			isa = PBXGroup;
			children = (
				48FAC75925DBB0AF001072E8 /* AgrecomAppUITests.swift */,
				48FAC75B25DBB0AF001072E8 /* Info.plist */,
			);
			path = AgrecomAppUITests;
			sourceTree = "<group>";
		};
		48FAC76A25DBB13A001072E8 /* Views */ = {
			isa = PBXGroup;
			children = (
				48FAC73C25DBB0AE001072E8 /* AgrecomAppApp.swift */,
				48FAC73E25DBB0AE001072E8 /* ContentView.swift */,
			);
			path = Views;
			sourceTree = "<group>";
		};
		48FAC76B25DBB177001072E8 /* Model */ = {
			isa = PBXGroup;
			children = (
				48FAC76C25DBB184001072E8 /* Site.swift */,
				48FAC77A25DBB1C2001072E8 /* ModelData.swift */,
				48C656F426339D1000C9B0DF /* Station.swift */,
				48341CF52634EA8200D39CE8 /* Models.swift */,
			);
			path = Model;
			sourceTree = "<group>";
		};
		48FAC77F25DBB1E4001072E8 /* Resources */ = {
			isa = PBXGroup;
			children = (
				48FAC78025DBB20C001072E8 /* SiteList.json */,
				48C656FC2633AAFA00C9B0DF /* Stations.json */,
			);
			path = Resources;
			sourceTree = "<group>";
		};
/* End PBXGroup section */

/* Begin PBXNativeTarget section */
		48FAC73825DBB0AE001072E8 /* AgrecomApp */ = {
			isa = PBXNativeTarget;
			buildConfigurationList = 48FAC75E25DBB0AF001072E8 /* Build configuration list for PBXNativeTarget "AgrecomApp" */;
			buildPhases = (
				48FAC73525DBB0AE001072E8 /* Sources */,
				48FAC73625DBB0AE001072E8 /* Frameworks */,
				48FAC73725DBB0AE001072E8 /* Resources */,
			);
			buildRules = (
			);
			dependencies = (
			);
			name = AgrecomApp;
			packageProductDependencies = (
			);
			productName = AgrecomApp;
			productReference = 48FAC73925DBB0AE001072E8 /* AgrecomApp.app */;
			productType = "com.apple.product-type.application";
		};
		48FAC74925DBB0AF001072E8 /* AgrecomAppTests */ = {
			isa = PBXNativeTarget;
			buildConfigurationList = 48FAC76125DBB0AF001072E8 /* Build configuration list for PBXNativeTarget "AgrecomAppTests" */;
			buildPhases = (
				48FAC74625DBB0AF001072E8 /* Sources */,
				48FAC74725DBB0AF001072E8 /* Frameworks */,
				48FAC74825DBB0AF001072E8 /* Resources */,
			);
			buildRules = (
			);
			dependencies = (
				48FAC74C25DBB0AF001072E8 /* PBXTargetDependency */,
			);
			name = AgrecomAppTests;
			productName = AgrecomAppTests;
			productReference = 48FAC74A25DBB0AF001072E8 /* AgrecomAppTests.xctest */;
			productType = "com.apple.product-type.bundle.unit-test";
		};
		48FAC75425DBB0AF001072E8 /* AgrecomAppUITests */ = {
			isa = PBXNativeTarget;
			buildConfigurationList = 48FAC76425DBB0AF001072E8 /* Build configuration list for PBXNativeTarget "AgrecomAppUITests" */;
			buildPhases = (
				48FAC75125DBB0AF001072E8 /* Sources */,
				48FAC75225DBB0AF001072E8 /* Frameworks */,
				48FAC75325DBB0AF001072E8 /* Resources */,
			);
			buildRules = (
			);
			dependencies = (
				48FAC75725DBB0AF001072E8 /* PBXTargetDependency */,
			);
			name = AgrecomAppUITests;
			productName = AgrecomAppUITests;
			productReference = 48FAC75525DBB0AF001072E8 /* AgrecomAppUITests.xctest */;
			productType = "com.apple.product-type.bundle.ui-testing";
		};
/* End PBXNativeTarget section */

/* Begin PBXProject section */
		48FAC73125DBB0AE001072E8 /* Project object */ = {
			isa = PBXProject;
			attributes = {
				LastSwiftUpdateCheck = 1240;
				LastUpgradeCheck = 1240;
				TargetAttributes = {
					48FAC73825DBB0AE001072E8 = {
						CreatedOnToolsVersion = 12.4;
					};
					48FAC74925DBB0AF001072E8 = {
						CreatedOnToolsVersion = 12.4;
						TestTargetID = 48FAC73825DBB0AE001072E8;
					};
					48FAC75425DBB0AF001072E8 = {
						CreatedOnToolsVersion = 12.4;
						TestTargetID = 48FAC73825DBB0AE001072E8;
					};
				};
			};
			buildConfigurationList = 48FAC73425DBB0AE001072E8 /* Build configuration list for PBXProject "AgrecomApp" */;
			compatibilityVersion = "Xcode 9.3";
			developmentRegion = en;
			hasScannedForEncodings = 0;
			knownRegions = (
				en,
				Base,
			);
			mainGroup = 48FAC73025DBB0AE001072E8;
			packageReferences = (
			);
			productRefGroup = 48FAC73A25DBB0AE001072E8 /* Products */;
			projectDirPath = "";
			projectRoot = "";
			targets = (
				48FAC73825DBB0AE001072E8 /* AgrecomApp */,
				48FAC74925DBB0AF001072E8 /* AgrecomAppTests */,
				48FAC75425DBB0AF001072E8 /* AgrecomAppUITests */,
			);
		};
/* End PBXProject section */

/* Begin PBXResourcesBuildPhase section */
		48FAC73725DBB0AE001072E8 /* Resources */ = {
			isa = PBXResourcesBuildPhase;
			buildActionMask = 2147483647;
			files = (
				48FAC74425DBB0AF001072E8 /* Preview Assets.xcassets in Resources */,
				48FAC78125DBB20C001072E8 /* SiteList.json in Resources */,
				48FAC74125DBB0AF001072E8 /* Assets.xcassets in Resources */,
			);
			runOnlyForDeploymentPostprocessing = 0;
		};
		48FAC74825DBB0AF001072E8 /* Resources */ = {
			isa = PBXResourcesBuildPhase;
			buildActionMask = 2147483647;
			files = (
			);
			runOnlyForDeploymentPostprocessing = 0;
		};
		48FAC75325DBB0AF001072E8 /* Resources */ = {
			isa = PBXResourcesBuildPhase;
			buildActionMask = 2147483647;
			files = (
			);
			runOnlyForDeploymentPostprocessing = 0;
		};
/* End PBXResourcesBuildPhase section */

/* Begin PBXSourcesBuildPhase section */
		48FAC73525DBB0AE001072E8 /* Sources */ = {
			isa = PBXSourcesBuildPhase;
			buildActionMask = 2147483647;
			files = (
				48FAC78F25DBB2A1001072E8 /* SiteList.swift in Sources */,
				48C656F0262A1B0C00C9B0DF /* MapView.swift in Sources */,
				48FAC73F25DBB0AE001072E8 /* ContentView.swift in Sources */,
				48FAC77B25DBB1C2001072E8 /* ModelData.swift in Sources */,
				48341D24264771FB00D39CE8 /* QrScanner.swift in Sources */,
				48C657012633C22200C9B0DF /* MultiRowSelect.swift in Sources */,
				48C656CF261EEC6B00C9B0DF /* FavoriteButton.swift in Sources */,
				48C656F526339D1100C9B0DF /* Station.swift in Sources */,
				48FAC79425DBB91A001072E8 /* SiteListPage.swift in Sources */,
				48C656EB2629A86F00C9B0DF /* StationForm.swift in Sources */,
				48FAC76D25DBB184001072E8 /* Site.swift in Sources */,
				48FAC73D25DBB0AE001072E8 /* AgrecomAppApp.swift in Sources */,
				48341CF62634EA8200D39CE8 /* Models.swift in Sources */,
				48C656E62620258000C9B0DF /* ReportForm.swift in Sources */,
				48C657072633E2A000C9B0DF /* SubmitView.swift in Sources */,
				48C656E1262019B000C9B0DF /* FormPage.swift in Sources */,
				48FAC79925DBC615001072E8 /* SiteDetails.swift in Sources */,
			);
			runOnlyForDeploymentPostprocessing = 0;
		};
		48FAC74625DBB0AF001072E8 /* Sources */ = {
			isa = PBXSourcesBuildPhase;
			buildActionMask = 2147483647;
			files = (
				48FAC74F25DBB0AF001072E8 /* AgrecomAppTests.swift in Sources */,
			);
			runOnlyForDeploymentPostprocessing = 0;
		};
		48FAC75125DBB0AF001072E8 /* Sources */ = {
			isa = PBXSourcesBuildPhase;
			buildActionMask = 2147483647;
			files = (
				48FAC75A25DBB0AF001072E8 /* AgrecomAppUITests.swift in Sources */,
			);
			runOnlyForDeploymentPostprocessing = 0;
		};
/* End PBXSourcesBuildPhase section */

/* Begin PBXTargetDependency section */
		48FAC74C25DBB0AF001072E8 /* PBXTargetDependency */ = {
			isa = PBXTargetDependency;
			target = 48FAC73825DBB0AE001072E8 /* AgrecomApp */;
			targetProxy = 48FAC74B25DBB0AF001072E8 /* PBXContainerItemProxy */;
		};
		48FAC75725DBB0AF001072E8 /* PBXTargetDependency */ = {
			isa = PBXTargetDependency;
			target = 48FAC73825DBB0AE001072E8 /* AgrecomApp */;
			targetProxy = 48FAC75625DBB0AF001072E8 /* PBXContainerItemProxy */;
		};
/* End PBXTargetDependency section */

/* Begin XCBuildConfiguration section */
		48FAC75C25DBB0AF001072E8 /* Debug */ = {
			isa = XCBuildConfiguration;
			buildSettings = {
				ALWAYS_SEARCH_USER_PATHS = NO;
				CLANG_ANALYZER_NONNULL = YES;
				CLANG_ANALYZER_NUMBER_OBJECT_CONVERSION = YES_AGGRESSIVE;
				CLANG_CXX_LANGUAGE_STANDARD = "gnu++14";
				CLANG_CXX_LIBRARY = "libc++";
				CLANG_ENABLE_MODULES = YES;
				CLANG_ENABLE_OBJC_ARC = YES;
				CLANG_ENABLE_OBJC_WEAK = YES;
				CLANG_WARN_BLOCK_CAPTURE_AUTORELEASING = YES;
				CLANG_WARN_BOOL_CONVERSION = YES;
				CLANG_WARN_COMMA = YES;
				CLANG_WARN_CONSTANT_CONVERSION = YES;
				CLANG_WARN_DEPRECATED_OBJC_IMPLEMENTATIONS = YES;
				CLANG_WARN_DIRECT_OBJC_ISA_USAGE = YES_ERROR;
				CLANG_WARN_DOCUMENTATION_COMMENTS = YES;
				CLANG_WARN_EMPTY_BODY = YES;
				CLANG_WARN_ENUM_CONVERSION = YES;
				CLANG_WARN_INFINITE_RECURSION = YES;
				CLANG_WARN_INT_CONVERSION = YES;
				CLANG_WARN_NON_LITERAL_NULL_CONVERSION = YES;
				CLANG_WARN_OBJC_IMPLICIT_RETAIN_SELF = YES;
				CLANG_WARN_OBJC_LITERAL_CONVERSION = YES;
				CLANG_WARN_OBJC_ROOT_CLASS = YES_ERROR;
				CLANG_WARN_QUOTED_INCLUDE_IN_FRAMEWORK_HEADER = YES;
				CLANG_WARN_RANGE_LOOP_ANALYSIS = YES;
				CLANG_WARN_STRICT_PROTOTYPES = YES;
				CLANG_WARN_SUSPICIOUS_MOVE = YES;
				CLANG_WARN_UNGUARDED_AVAILABILITY = YES_AGGRESSIVE;
				CLANG_WARN_UNREACHABLE_CODE = YES;
				CLANG_WARN__DUPLICATE_METHOD_MATCH = YES;
				COPY_PHASE_STRIP = NO;
				DEBUG_INFORMATION_FORMAT = dwarf;
				ENABLE_STRICT_OBJC_MSGSEND = YES;
				ENABLE_TESTABILITY = YES;
				GCC_C_LANGUAGE_STANDARD = gnu11;
				GCC_DYNAMIC_NO_PIC = NO;
				GCC_NO_COMMON_BLOCKS = YES;
				GCC_OPTIMIZATION_LEVEL = 0;
				GCC_PREPROCESSOR_DEFINITIONS = (
					"DEBUG=1",
					"$(inherited)",
				);
				GCC_WARN_64_TO_32_BIT_CONVERSION = YES;
				GCC_WARN_ABOUT_RETURN_TYPE = YES_ERROR;
				GCC_WARN_UNDECLARED_SELECTOR = YES;
				GCC_WARN_UNINITIALIZED_AUTOS = YES_AGGRESSIVE;
				GCC_WARN_UNUSED_FUNCTION = YES;
				GCC_WARN_UNUSED_VARIABLE = YES;
				IPHONEOS_DEPLOYMENT_TARGET = 14.4;
				MTL_ENABLE_DEBUG_INFO = INCLUDE_SOURCE;
				MTL_FAST_MATH = YES;
				ONLY_ACTIVE_ARCH = YES;
				SDKROOT = iphoneos;
				SWIFT_ACTIVE_COMPILATION_CONDITIONS = DEBUG;
				SWIFT_OPTIMIZATION_LEVEL = "-Onone";
			};
			name = Debug;
		};
		48FAC75D25DBB0AF001072E8 /* Release */ = {
			isa = XCBuildConfiguration;
			buildSettings = {
				ALWAYS_SEARCH_USER_PATHS = NO;
				CLANG_ANALYZER_NONNULL = YES;
				CLANG_ANALYZER_NUMBER_OBJECT_CONVERSION = YES_AGGRESSIVE;
				CLANG_CXX_LANGUAGE_STANDARD = "gnu++14";
				CLANG_CXX_LIBRARY = "libc++";
				CLANG_ENABLE_MODULES = YES;
				CLANG_ENABLE_OBJC_ARC = YES;
				CLANG_ENABLE_OBJC_WEAK = YES;
				CLANG_WARN_BLOCK_CAPTURE_AUTORELEASING = YES;
				CLANG_WARN_BOOL_CONVERSION = YES;
				CLANG_WARN_COMMA = YES;
				CLANG_WARN_CONSTANT_CONVERSION = YES;
				CLANG_WARN_DEPRECATED_OBJC_IMPLEMENTATIONS = YES;
				CLANG_WARN_DIRECT_OBJC_ISA_USAGE = YES_ERROR;
				CLANG_WARN_DOCUMENTATION_COMMENTS = YES;
				CLANG_WARN_EMPTY_BODY = YES;
				CLANG_WARN_ENUM_CONVERSION = YES;
				CLANG_WARN_INFINITE_RECURSION = YES;
				CLANG_WARN_INT_CONVERSION = YES;
				CLANG_WARN_NON_LITERAL_NULL_CONVERSION = YES;
				CLANG_WARN_OBJC_IMPLICIT_RETAIN_SELF = YES;
				CLANG_WARN_OBJC_LITERAL_CONVERSION = YES;
				CLANG_WARN_OBJC_ROOT_CLASS = YES_ERROR;
				CLANG_WARN_QUOTED_INCLUDE_IN_FRAMEWORK_HEADER = YES;
				CLANG_WARN_RANGE_LOOP_ANALYSIS = YES;
				CLANG_WARN_STRICT_PROTOTYPES = YES;
				CLANG_WARN_SUSPICIOUS_MOVE = YES;
				CLANG_WARN_UNGUARDED_AVAILABILITY = YES_AGGRESSIVE;
				CLANG_WARN_UNREACHABLE_CODE = YES;
				CLANG_WARN__DUPLICATE_METHOD_MATCH = YES;
				COPY_PHASE_STRIP = NO;
				DEBUG_INFORMATION_FORMAT = "dwarf-with-dsym";
				ENABLE_NS_ASSERTIONS = NO;
				ENABLE_STRICT_OBJC_MSGSEND = YES;
				GCC_C_LANGUAGE_STANDARD = gnu11;
				GCC_NO_COMMON_BLOCKS = YES;
				GCC_WARN_64_TO_32_BIT_CONVERSION = YES;
				GCC_WARN_ABOUT_RETURN_TYPE = YES_ERROR;
				GCC_WARN_UNDECLARED_SELECTOR = YES;
				GCC_WARN_UNINITIALIZED_AUTOS = YES_AGGRESSIVE;
				GCC_WARN_UNUSED_FUNCTION = YES;
				GCC_WARN_UNUSED_VARIABLE = YES;
				IPHONEOS_DEPLOYMENT_TARGET = 14.4;
				MTL_ENABLE_DEBUG_INFO = NO;
				MTL_FAST_MATH = YES;
				SDKROOT = iphoneos;
				SWIFT_COMPILATION_MODE = wholemodule;
				SWIFT_OPTIMIZATION_LEVEL = "-O";
				VALIDATE_PRODUCT = YES;
			};
			name = Release;
		};
		48FAC75F25DBB0AF001072E8 /* Debug */ = {
			isa = XCBuildConfiguration;
			buildSettings = {
				ASSETCATALOG_COMPILER_APPICON_NAME = AppIcon;
				ASSETCATALOG_COMPILER_GLOBAL_ACCENT_COLOR_NAME = AccentColor;
				CODE_SIGN_STYLE = Automatic;
				DEVELOPMENT_ASSET_PATHS = "\"AgrecomApp/Preview Content\"";
				DEVELOPMENT_TEAM = P72YHN83NK;
				ENABLE_PREVIEWS = YES;
				INFOPLIST_FILE = AgrecomApp/Info.plist;
				IPHONEOS_DEPLOYMENT_TARGET = 14.4;
				LD_RUNPATH_SEARCH_PATHS = (
					"$(inherited)",
					"@executable_path/Frameworks",
				);
				PRODUCT_BUNDLE_IDENTIFIER = Agrecom.AgrecomApp;
				PRODUCT_NAME = "$(TARGET_NAME)";
				SWIFT_VERSION = 5.0;
				TARGETED_DEVICE_FAMILY = "1,2";
			};
			name = Debug;
		};
		48FAC76025DBB0AF001072E8 /* Release */ = {
			isa = XCBuildConfiguration;
			buildSettings = {
				ASSETCATALOG_COMPILER_APPICON_NAME = AppIcon;
				ASSETCATALOG_COMPILER_GLOBAL_ACCENT_COLOR_NAME = AccentColor;
				CODE_SIGN_STYLE = Automatic;
				DEVELOPMENT_ASSET_PATHS = "\"AgrecomApp/Preview Content\"";
				DEVELOPMENT_TEAM = P72YHN83NK;
				ENABLE_PREVIEWS = YES;
				INFOPLIST_FILE = AgrecomApp/Info.plist;
				IPHONEOS_DEPLOYMENT_TARGET = 14.4;
				LD_RUNPATH_SEARCH_PATHS = (
					"$(inherited)",
					"@executable_path/Frameworks",
				);
				PRODUCT_BUNDLE_IDENTIFIER = Agrecom.AgrecomApp;
				PRODUCT_NAME = "$(TARGET_NAME)";
				SWIFT_VERSION = 5.0;
				TARGETED_DEVICE_FAMILY = "1,2";
			};
			name = Release;
		};
		48FAC76225DBB0AF001072E8 /* Debug */ = {
			isa = XCBuildConfiguration;
			buildSettings = {
				ALWAYS_EMBED_SWIFT_STANDARD_LIBRARIES = YES;
				BUNDLE_LOADER = "$(TEST_HOST)";
				CODE_SIGN_STYLE = Automatic;
				DEVELOPMENT_TEAM = P72YHN83NK;
				INFOPLIST_FILE = AgrecomAppTests/Info.plist;
				IPHONEOS_DEPLOYMENT_TARGET = 14.0;
				LD_RUNPATH_SEARCH_PATHS = (
					"$(inherited)",
					"@executable_path/Frameworks",
					"@loader_path/Frameworks",
				);
				PRODUCT_BUNDLE_IDENTIFIER = Agrecom.AgrecomAppTests;
				PRODUCT_NAME = "$(TARGET_NAME)";
				SWIFT_VERSION = 5.0;
				TARGETED_DEVICE_FAMILY = "1,2";
				TEST_HOST = "$(BUILT_PRODUCTS_DIR)/AgrecomApp.app/AgrecomApp";
			};
			name = Debug;
		};
		48FAC76325DBB0AF001072E8 /* Release */ = {
			isa = XCBuildConfiguration;
			buildSettings = {
				ALWAYS_EMBED_SWIFT_STANDARD_LIBRARIES = YES;
				BUNDLE_LOADER = "$(TEST_HOST)";
				CODE_SIGN_STYLE = Automatic;
				DEVELOPMENT_TEAM = P72YHN83NK;
				INFOPLIST_FILE = AgrecomAppTests/Info.plist;
				IPHONEOS_DEPLOYMENT_TARGET = 14.0;
				LD_RUNPATH_SEARCH_PATHS = (
					"$(inherited)",
					"@executable_path/Frameworks",
					"@loader_path/Frameworks",
				);
				PRODUCT_BUNDLE_IDENTIFIER = Agrecom.AgrecomAppTests;
				PRODUCT_NAME = "$(TARGET_NAME)";
				SWIFT_VERSION = 5.0;
				TARGETED_DEVICE_FAMILY = "1,2";
				TEST_HOST = "$(BUILT_PRODUCTS_DIR)/AgrecomApp.app/AgrecomApp";
			};
			name = Release;
		};
		48FAC76525DBB0AF001072E8 /* Debug */ = {
			isa = XCBuildConfiguration;
			buildSettings = {
				ALWAYS_EMBED_SWIFT_STANDARD_LIBRARIES = YES;
				CODE_SIGN_STYLE = Automatic;
				DEVELOPMENT_TEAM = P72YHN83NK;
				INFOPLIST_FILE = AgrecomAppUITests/Info.plist;
				LD_RUNPATH_SEARCH_PATHS = (
					"$(inherited)",
					"@executable_path/Frameworks",
					"@loader_path/Frameworks",
				);
				PRODUCT_BUNDLE_IDENTIFIER = Agrecom.AgrecomAppUITests;
				PRODUCT_NAME = "$(TARGET_NAME)";
				SWIFT_VERSION = 5.0;
				TARGETED_DEVICE_FAMILY = "1,2";
				TEST_TARGET_NAME = AgrecomApp;
			};
			name = Debug;
		};
		48FAC76625DBB0AF001072E8 /* Release */ = {
			isa = XCBuildConfiguration;
			buildSettings = {
				ALWAYS_EMBED_SWIFT_STANDARD_LIBRARIES = YES;
				CODE_SIGN_STYLE = Automatic;
				DEVELOPMENT_TEAM = P72YHN83NK;
				INFOPLIST_FILE = AgrecomAppUITests/Info.plist;
				LD_RUNPATH_SEARCH_PATHS = (
					"$(inherited)",
					"@executable_path/Frameworks",
					"@loader_path/Frameworks",
				);
				PRODUCT_BUNDLE_IDENTIFIER = Agrecom.AgrecomAppUITests;
				PRODUCT_NAME = "$(TARGET_NAME)";
				SWIFT_VERSION = 5.0;
				TARGETED_DEVICE_FAMILY = "1,2";
				TEST_TARGET_NAME = AgrecomApp;
			};
			name = Release;
		};
/* End XCBuildConfiguration section */

/* Begin XCConfigurationList section */
		48FAC73425DBB0AE001072E8 /* Build configuration list for PBXProject "AgrecomApp" */ = {
			isa = XCConfigurationList;
			buildConfigurations = (
				48FAC75C25DBB0AF001072E8 /* Debug */,
				48FAC75D25DBB0AF001072E8 /* Release */,
			);
			defaultConfigurationIsVisible = 0;
			defaultConfigurationName = Release;
		};
		48FAC75E25DBB0AF001072E8 /* Build configuration list for PBXNativeTarget "AgrecomApp" */ = {
			isa = XCConfigurationList;
			buildConfigurations = (
				48FAC75F25DBB0AF001072E8 /* Debug */,
				48FAC76025DBB0AF001072E8 /* Release */,
			);
			defaultConfigurationIsVisible = 0;
			defaultConfigurationName = Release;
		};
		48FAC76125DBB0AF001072E8 /* Build configuration list for PBXNativeTarget "AgrecomAppTests" */ = {
			isa = XCConfigurationList;
			buildConfigurations = (
				48FAC76225DBB0AF001072E8 /* Debug */,
				48FAC76325DBB0AF001072E8 /* Release */,
			);
			defaultConfigurationIsVisible = 0;
			defaultConfigurationName = Release;
		};
		48FAC76425DBB0AF001072E8 /* Build configuration list for PBXNativeTarget "AgrecomAppUITests" */ = {
			isa = XCConfigurationList;
			buildConfigurations = (
				48FAC76525DBB0AF001072E8 /* Debug */,
				48FAC76625DBB0AF001072E8 /* Release */,
			);
			defaultConfigurationIsVisible = 0;
			defaultConfigurationName = Release;
		};
/* End XCConfigurationList section */
	};
	rootObject = 48FAC73125DBB0AE001072E8 /* Project object */;
}
